// !$*UTF8*$!
{
	archiveVersion = 1;
	classes = {
	};
	objectVersion = 55;
	objects = {

/* Begin PBXBuildFile section */
		48C42AE12745D9F0008C5C85 /* AppDelegate.swift in Sources */ = {isa = PBXBuildFile; fileRef = 48C42AE02745D9F0008C5C85 /* AppDelegate.swift */; };
		48C42AE32745D9F0008C5C85 /* SceneDelegate.swift in Sources */ = {isa = PBXBuildFile; fileRef = 48C42AE22745D9F0008C5C85 /* SceneDelegate.swift */; };
		48C42AE52745D9F0008C5C85 /* ViewController.swift in Sources */ = {isa = PBXBuildFile; fileRef = 48C42AE42745D9F0008C5C85 /* ViewController.swift */; };
		48C42AE82745D9F0008C5C85 /* Main.storyboard in Resources */ = {isa = PBXBuildFile; fileRef = 48C42AE62745D9F0008C5C85 /* Main.storyboard */; };
		48C42AEA2745D9F7008C5C85 /* Assets.xcassets in Resources */ = {isa = PBXBuildFile; fileRef = 48C42AE92745D9F7008C5C85 /* Assets.xcassets */; };
		48C42AED2745D9F7008C5C85 /* LaunchScreen.storyboard in Resources */ = {isa = PBXBuildFile; fileRef = 48C42AEB2745D9F7008C5C85 /* LaunchScreen.storyboard */; };
		DC6FD4320CBFD980DDEDF9D1 /* Pods_IntroToRXSwift.framework in Frameworks */ = {isa = PBXBuildFile; fileRef = 6A724173CE915EE72B0463A4 /* Pods_IntroToRXSwift.framework */; };
/* End PBXBuildFile section */

/* Begin PBXFileReference section */
		29A8685D7A13F0921243AB06 /* Pods-IntroToRXSwift.debug.xcconfig */ = {isa = PBXFileReference; includeInIndex = 1; lastKnownFileType = text.xcconfig; name = "Pods-IntroToRXSwift.debug.xcconfig"; path = "Target Support Files/Pods-IntroToRXSwift/Pods-IntroToRXSwift.debug.xcconfig"; sourceTree = "<group>"; };
		35A715EAA83ED40B62035B8C /* Pods-IntroToRXSwift.release.xcconfig */ = {isa = PBXFileReference; includeInIndex = 1; lastKnownFileType = text.xcconfig; name = "Pods-IntroToRXSwift.release.xcconfig"; path = "Target Support Files/Pods-IntroToRXSwift/Pods-IntroToRXSwift.release.xcconfig"; sourceTree = "<group>"; };
		48C42ADD2745D9F0008C5C85 /* IntroToRXSwift.app */ = {isa = PBXFileReference; explicitFileType = wrapper.application; includeInIndex = 0; path = IntroToRXSwift.app; sourceTree = BUILT_PRODUCTS_DIR; };
		48C42AE02745D9F0008C5C85 /* AppDelegate.swift */ = {isa = PBXFileReference; lastKnownFileType = sourcecode.swift; path = AppDelegate.swift; sourceTree = "<group>"; };
		48C42AE22745D9F0008C5C85 /* SceneDelegate.swift */ = {isa = PBXFileReference; lastKnownFileType = sourcecode.swift; path = SceneDelegate.swift; sourceTree = "<group>"; };
		48C42AE42745D9F0008C5C85 /* ViewController.swift */ = {isa = PBXFileReference; lastKnownFileType = sourcecode.swift; path = ViewController.swift; sourceTree = "<group>"; };
		48C42AE72745D9F0008C5C85 /* Base */ = {isa = PBXFileReference; lastKnownFileType = file.storyboard; name = Base; path = Base.lproj/Main.storyboard; sourceTree = "<group>"; };
		48C42AE92745D9F7008C5C85 /* Assets.xcassets */ = {isa = PBXFileReference; lastKnownFileType = folder.assetcatalog; path = Assets.xcassets; sourceTree = "<group>"; };
		48C42AEC2745D9F7008C5C85 /* Base */ = {isa = PBXFileReference; lastKnownFileType = file.storyboard; name = Base; path = Base.lproj/LaunchScreen.storyboard; sourceTree = "<group>"; };
		48C42AEE2745D9F7008C5C85 /* Info.plist */ = {isa = PBXFileReference; lastKnownFileType = text.plist.xml; path = Info.plist; sourceTree = "<group>"; };
		6A724173CE915EE72B0463A4 /* Pods_IntroToRXSwift.framework */ = {isa = PBXFileReference; explicitFileType = wrapper.framework; includeInIndex = 0; path = Pods_IntroToRXSwift.framework; sourceTree = BUILT_PRODUCTS_DIR; };
/* End PBXFileReference section */

/* Begin PBXFrameworksBuildPhase section */
		48C42ADA2745D9F0008C5C85 /* Frameworks */ = {
			isa = PBXFrameworksBuildPhase;
			buildActionMask = 2147483647;
			files = (
				DC6FD4320CBFD980DDEDF9D1 /* Pods_IntroToRXSwift.framework in Frameworks */,
			);
			runOnlyForDeploymentPostprocessing = 0;
		};
/* End PBXFrameworksBuildPhase section */

/* Begin PBXGroup section */
		3B9287FECB964FD8EB80E941 /* Pods */ = {
			isa = PBXGroup;
			children = (
				29A8685D7A13F0921243AB06 /* Pods-IntroToRXSwift.debug.xcconfig */,
				35A715EAA83ED40B62035B8C /* Pods-IntroToRXSwift.release.xcconfig */,
			);
			name = Pods;
			path = Pods;
			sourceTree = "<group>";
		};
		48C42AD42745D9F0008C5C85 = {
			isa = PBXGroup;
			children = (
				48C42ADF2745D9F0008C5C85 /* IntroToRXSwift */,
				48C42ADE2745D9F0008C5C85 /* Products */,
				3B9287FECB964FD8EB80E941 /* Pods */,
				9F0F499CAFAD84741F89EBA5 /* Frameworks */,
			);
			sourceTree = "<group>";
		};
		48C42ADE2745D9F0008C5C85 /* Products */ = {
			isa = PBXGroup;
			children = (
				48C42ADD2745D9F0008C5C85 /* IntroToRXSwift.app */,
			);
			name = Products;
			sourceTree = "<group>";
		};
		48C42ADF2745D9F0008C5C85 /* IntroToRXSwift */ = {
			isa = PBXGroup;
			children = (
				48C42AE02745D9F0008C5C85 /* AppDelegate.swift */,
				48C42AE22745D9F0008C5C85 /* SceneDelegate.swift */,
				48C42AE42745D9F0008C5C85 /* ViewController.swift */,
				48C42AE62745D9F0008C5C85 /* Main.storyboard */,
				48C42AE92745D9F7008C5C85 /* Assets.xcassets */,
				48C42AEB2745D9F7008C5C85 /* LaunchScreen.storyboard */,
				48C42AEE2745D9F7008C5C85 /* Info.plist */,
			);
			path = IntroToRXSwift;
			sourceTree = "<group>";
		};
		9F0F499CAFAD84741F89EBA5 /* Frameworks */ = {
			isa = PBXGroup;
			children = (
				6A724173CE915EE72B0463A4 /* Pods_IntroToRXSwift.framework */,
			);
			name = Frameworks;
			sourceTree = "<group>";
		};
/* End PBXGroup section */

/* Begin PBXNativeTarget section */
		48C42ADC2745D9F0008C5C85 /* IntroToRXSwift */ = {
			isa = PBXNativeTarget;
			buildConfigurationList = 48C42AF12745D9F7008C5C85 /* Build configuration list for PBXNativeTarget "IntroToRXSwift" */;
			buildPhases = (
				C8B3E262B40DC673246F85F2 /* [CP] Check Pods Manifest.lock */,
				48C42AD92745D9F0008C5C85 /* Sources */,
				48C42ADA2745D9F0008C5C85 /* Frameworks */,
				48C42ADB2745D9F0008C5C85 /* Resources */,
				5A824C2DAF0A11FA9E80494C /* [CP] Embed Pods Frameworks */,
			);
			buildRules = (
			);
			dependencies = (
			);
			name = IntroToRXSwift;
			productName = IntroToRXSwift;
			productReference = 48C42ADD2745D9F0008C5C85 /* IntroToRXSwift.app */;
			productType = "com.apple.product-type.application";
		};
/* End PBXNativeTarget section */

/* Begin PBXProject section */
		48C42AD52745D9F0008C5C85 /* Project object */ = {
			isa = PBXProject;
			attributes = {
				BuildIndependentTargetsInParallel = 1;
				LastSwiftUpdateCheck = 1310;
				LastUpgradeCheck = 1310;
				TargetAttributes = {
					48C42ADC2745D9F0008C5C85 = {
						CreatedOnToolsVersion = 13.1;
					};
				};
			};
			buildConfigurationList = 48C42AD82745D9F0008C5C85 /* Build configuration list for PBXProject "IntroToRXSwift" */;
			compatibilityVersion = "Xcode 13.0";
			developmentRegion = en;
			hasScannedForEncodings = 0;
			knownRegions = (
				en,
				Base,
			);
			mainGroup = 48C42AD42745D9F0008C5C85;
			productRefGroup = 48C42ADE2745D9F0008C5C85 /* Products */;
			projectDirPath = "";
			projectRoot = "";
			targets = (
				48C42ADC2745D9F0008C5C85 /* IntroToRXSwift */,
			);
		};
/* End PBXProject section */

/* Begin PBXResourcesBuildPhase section */
		48C42ADB2745D9F0008C5C85 /* Resources */ = {
			isa = PBXResourcesBuildPhase;
			buildActionMask = 2147483647;
			files = (
				48C42AED2745D9F7008C5C85 /* LaunchScreen.storyboard in Resources */,
				48C42AEA2745D9F7008C5C85 /* Assets.xcassets in Resources */,
				48C42AE82745D9F0008C5C85 /* Main.storyboard in Resources */,
			);
			runOnlyForDeploymentPostprocessing = 0;
		};
/* End PBXResourcesBuildPhase section */

/* Begin PBXShellScriptBuildPhase section */
		5A824C2DAF0A11FA9E80494C /* [CP] Embed Pods Frameworks */ = {
			isa = PBXShellScriptBuildPhase;
			buildActionMask = 2147483647;
			files = (
			);
			inputFileListPaths = (
				"${PODS_ROOT}/Target Support Files/Pods-IntroToRXSwift/Pods-IntroToRXSwift-frameworks-${CONFIGURATION}-input-files.xcfilelist",
			);
			name = "[CP] Embed Pods Frameworks";
			outputFileListPaths = (
				"${PODS_ROOT}/Target Support Files/Pods-IntroToRXSwift/Pods-IntroToRXSwift-frameworks-${CONFIGURATION}-output-files.xcfilelist",
			);
			runOnlyForDeploymentPostprocessing = 0;
			shellPath = /bin/sh;
			shellScript = "\"${PODS_ROOT}/Target Support Files/Pods-IntroToRXSwift/Pods-IntroToRXSwift-frameworks.sh\"\n";
			showEnvVarsInLog = 0;
		};
		C8B3E262B40DC673246F85F2 /* [CP] Check Pods Manifest.lock */ = {
			isa = PBXShellScriptBuildPhase;
			buildActionMask = 2147483647;
			files = (
			);
			inputFileListPaths = (
			);
			inputPaths = (
				"${PODS_PODFILE_DIR_PATH}/Podfile.lock",
				"${PODS_ROOT}/Manifest.lock",
			);
			name = "[CP] Check Pods Manifest.lock";
			outputFileListPaths = (
			);
			outputPaths = (
				"$(DERIVED_FILE_DIR)/Pods-IntroToRXSwift-checkManifestLockResult.txt",
			);
			runOnlyForDeploymentPostprocessing = 0;
			shellPath = /bin/sh;
			shellScript = "diff \"${PODS_PODFILE_DIR_PATH}/Podfile.lock\" \"${PODS_ROOT}/Manifest.lock\" > /dev/null\nif [ $? != 0 ] ; then\n    # print error to STDERR\n    echo \"error: The sandbox is not in sync with the Podfile.lock. Run 'pod install' or update your CocoaPods installation.\" >&2\n    exit 1\nfi\n# This output is used by Xcode 'outputs' to avoid re-running this script phase.\necho \"SUCCESS\" > \"${SCRIPT_OUTPUT_FILE_0}\"\n";
			showEnvVarsInLog = 0;
		};
/* End PBXShellScriptBuildPhase section */

/* Begin PBXSourcesBuildPhase section */
		48C42AD92745D9F0008C5C85 /* Sources */ = {
			isa = PBXSourcesBuildPhase;
			buildActionMask = 2147483647;
			files = (
				48C42AE52745D9F0008C5C85 /* ViewController.swift in Sources */,
				48C42AE12745D9F0008C5C85 /* AppDelegate.swift in Sources */,
				48C42AE32745D9F0008C5C85 /* SceneDelegate.swift in Sources */,
			);
			runOnlyForDeploymentPostprocessing = 0;
		};
/* End PBXSourcesBuildPhase section */

/* Begin PBXVariantGroup section */
		48C42AE62745D9F0008C5C85 /* Main.storyboard */ = {
			isa = PBXVariantGroup;
			children = (
				48C42AE72745D9F0008C5C85 /* Base */,
			);
			name = Main.storyboard;
			sourceTree = "<group>";
		};
		48C42AEB2745D9F7008C5C85 /* LaunchScreen.storyboard */ = {
			isa = PBXVariantGroup;
			children = (
				48C42AEC2745D9F7008C5C85 /* Base */,
			);
			name = LaunchScreen.storyboard;
			sourceTree = "<group>";
		};
/* End PBXVariantGroup section */

/* Begin XCBuildConfiguration section */
		48C42AEF2745D9F7008C5C85 /* Debug */ = {
			isa = XCBuildConfiguration;
			buildSettings = {
				ALWAYS_SEARCH_USER_PATHS = NO;
				CLANG_ANALYZER_NONNULL = YES;
				CLANG_ANALYZER_NUMBER_OBJECT_CONVERSION = YES_AGGRESSIVE;
				CLANG_CXX_LANGUAGE_STANDARD = "gnu++17";
				CLANG_CXX_LIBRARY = "libc++";
				CLANG_ENABLE_MODULES = YES;
				CLANG_ENABLE_OBJC_ARC = YES;
				CLANG_ENABLE_OBJC_WEAK = YES;
				CLANG_WARN_BLOCK_CAPTURE_AUTORELEASING = YES;
				CLANG_WARN_BOOL_CONVERSION = YES;
				CLANG_WARN_COMMA = YES;
				CLANG_WARN_CONSTANT_CONVERSION = YES;
				CLANG_WARN_DEPRECATED_OBJC_IMPLEMENTATIONS = YES;
				CLANG_WARN_DIRECT_OBJC_ISA_USAGE = YES_ERROR;
				CLANG_WARN_DOCUMENTATION_COMMENTS = YES;
				CLANG_WARN_EMPTY_BODY = YES;
				CLANG_WARN_ENUM_CONVERSION = YES;
				CLANG_WARN_INFINITE_RECURSION = YES;
				CLANG_WARN_INT_CONVERSION = YES;
				CLANG_WARN_NON_LITERAL_NULL_CONVERSION = YES;
				CLANG_WARN_OBJC_IMPLICIT_RETAIN_SELF = YES;
				CLANG_WARN_OBJC_LITERAL_CONVERSION = YES;
				CLANG_WARN_OBJC_ROOT_CLASS = YES_ERROR;
				CLANG_WARN_QUOTED_INCLUDE_IN_FRAMEWORK_HEADER = YES;
				CLANG_WARN_RANGE_LOOP_ANALYSIS = YES;
				CLANG_WARN_STRICT_PROTOTYPES = YES;
				CLANG_WARN_SUSPICIOUS_MOVE = YES;
				CLANG_WARN_UNGUARDED_AVAILABILITY = YES_AGGRESSIVE;
				CLANG_WARN_UNREACHABLE_CODE = YES;
				CLANG_WARN__DUPLICATE_METHOD_MATCH = YES;
				COPY_PHASE_STRIP = NO;
				DEBUG_INFORMATION_FORMAT = dwarf;
				ENABLE_STRICT_OBJC_MSGSEND = YES;
				ENABLE_TESTABILITY = YES;
				GCC_C_LANGUAGE_STANDARD = gnu11;
				GCC_DYNAMIC_NO_PIC = NO;
				GCC_NO_COMMON_BLOCKS = YES;
				GCC_OPTIMIZATION_LEVEL = 0;
				GCC_PREPROCESSOR_DEFINITIONS = (
					"DEBUG=1",
					"$(inherited)",
				);
				GCC_WARN_64_TO_32_BIT_CONVERSION = YES;
				GCC_WARN_ABOUT_RETURN_TYPE = YES_ERROR;
				GCC_WARN_UNDECLARED_SELECTOR = YES;
				GCC_WARN_UNINITIALIZED_AUTOS = YES_AGGRESSIVE;
				GCC_WARN_UNUSED_FUNCTION = YES;
				GCC_WARN_UNUSED_VARIABLE = YES;
				IPHONEOS_DEPLOYMENT_TARGET = 15.0;
				MTL_ENABLE_DEBUG_INFO = INCLUDE_SOURCE;
				MTL_FAST_MATH = YES;
				ONLY_ACTIVE_ARCH = YES;
				SDKROOT = iphoneos;
				SWIFT_ACTIVE_COMPILATION_CONDITIONS = DEBUG;
				SWIFT_OPTIMIZATION_LEVEL = "-Onone";
			};
			name = Debug;
		};
		48C42AF02745D9F7008C5C85 /* Release */ = {
			isa = XCBuildConfiguration;
			buildSettings = {
				ALWAYS_SEARCH_USER_PATHS = NO;
				CLANG_ANALYZER_NONNULL = YES;
				CLANG_ANALYZER_NUMBER_OBJECT_CONVERSION = YES_AGGRESSIVE;
				CLANG_CXX_LANGUAGE_STANDARD = "gnu++17";
				CLANG_CXX_LIBRARY = "libc++";
				CLANG_ENABLE_MODULES = YES;
				CLANG_ENABLE_OBJC_ARC = YES;
				CLANG_ENABLE_OBJC_WEAK = YES;
				CLANG_WARN_BLOCK_CAPTURE_AUTORELEASING = YES;
				CLANG_WARN_BOOL_CONVERSION = YES;
				CLANG_WARN_COMMA = YES;
				CLANG_WARN_CONSTANT_CONVERSION = YES;
				CLANG_WARN_DEPRECATED_OBJC_IMPLEMENTATIONS = YES;
				CLANG_WARN_DIRECT_OBJC_ISA_USAGE = YES_ERROR;
				CLANG_WARN_DOCUMENTATION_COMMENTS = YES;
				CLANG_WARN_EMPTY_BODY = YES;
				CLANG_WARN_ENUM_CONVERSION = YES;
				CLANG_WARN_INFINITE_RECURSION = YES;
				CLANG_WARN_INT_CONVERSION = YES;
				CLANG_WARN_NON_LITERAL_NULL_CONVERSION = YES;
				CLANG_WARN_OBJC_IMPLICIT_RETAIN_SELF = YES;
				CLANG_WARN_OBJC_LITERAL_CONVERSION = YES;
				CLANG_WARN_OBJC_ROOT_CLASS = YES_ERROR;
				CLANG_WARN_QUOTED_INCLUDE_IN_FRAMEWORK_HEADER = YES;
				CLANG_WARN_RANGE_LOOP_ANALYSIS = YES;
				CLANG_WARN_STRICT_PROTOTYPES = YES;
				CLANG_WARN_SUSPICIOUS_MOVE = YES;
				CLANG_WARN_UNGUARDED_AVAILABILITY = YES_AGGRESSIVE;
				CLANG_WARN_UNREACHABLE_CODE = YES;
				CLANG_WARN__DUPLICATE_METHOD_MATCH = YES;
				COPY_PHASE_STRIP = NO;
				DEBUG_INFORMATION_FORMAT = "dwarf-with-dsym";
				ENABLE_NS_ASSERTIONS = NO;
				ENABLE_STRICT_OBJC_MSGSEND = YES;
				GCC_C_LANGUAGE_STANDARD = gnu11;
				GCC_NO_COMMON_BLOCKS = YES;
				GCC_WARN_64_TO_32_BIT_CONVERSION = YES;
				GCC_WARN_ABOUT_RETURN_TYPE = YES_ERROR;
				GCC_WARN_UNDECLARED_SELECTOR = YES;
				GCC_WARN_UNINITIALIZED_AUTOS = YES_AGGRESSIVE;
				GCC_WARN_UNUSED_FUNCTION = YES;
				GCC_WARN_UNUSED_VARIABLE = YES;
				IPHONEOS_DEPLOYMENT_TARGET = 15.0;
				MTL_ENABLE_DEBUG_INFO = NO;
				MTL_FAST_MATH = YES;
				SDKROOT = iphoneos;
				SWIFT_COMPILATION_MODE = wholemodule;
				SWIFT_OPTIMIZATION_LEVEL = "-O";
				VALIDATE_PRODUCT = YES;
			};
			name = Release;
		};
		48C42AF22745D9F7008C5C85 /* Debug */ = {
			isa = XCBuildConfiguration;
			baseConfigurationReference = 29A8685D7A13F0921243AB06 /* Pods-IntroToRXSwift.debug.xcconfig */;
			buildSettings = {
				ASSETCATALOG_COMPILER_APPICON_NAME = AppIcon;
				ASSETCATALOG_COMPILER_GLOBAL_ACCENT_COLOR_NAME = AccentColor;
				CODE_SIGN_STYLE = Automatic;
				CURRENT_PROJECT_VERSION = 1;
				DEVELOPMENT_TEAM = 6QXJQS5XM3;
				GENERATE_INFOPLIST_FILE = YES;
				INFOPLIST_FILE = IntroToRXSwift/Info.plist;
				INFOPLIST_KEY_UIApplicationSupportsIndirectInputEvents = YES;
				INFOPLIST_KEY_UILaunchStoryboardName = LaunchScreen;
				INFOPLIST_KEY_UIMainStoryboardFile = Main;
				INFOPLIST_KEY_UISupportedInterfaceOrientations_iPad = "UIInterfaceOrientationPortrait UIInterfaceOrientationPortraitUpsideDown UIInterfaceOrientationLandscapeLeft UIInterfaceOrientationLandscapeRight";
				INFOPLIST_KEY_UISupportedInterfaceOrientations_iPhone = "UIInterfaceOrientationPortrait UIInterfaceOrientationLandscapeLeft UIInterfaceOrientationLandscapeRight";
				LD_RUNPATH_SEARCH_PATHS = (
					"$(inherited)",
					"@executable_path/Frameworks",
				);
				MARKETING_VERSION = 1.0;
				PRODUCT_BUNDLE_IDENTIFIER = nn.IntroToRXSwift;
				PRODUCT_NAME = "$(TARGET_NAME)";
				SWIFT_EMIT_LOC_STRINGS = YES;
				SWIFT_VERSION = 5.0;
				TARGETED_DEVICE_FAMILY = "1,2";
			};
			name = Debug;
		};
		48C42AF32745D9F7008C5C85 /* Release */ = {
			isa = XCBuildConfiguration;
			baseConfigurationReference = 35A715EAA83ED40B62035B8C /* Pods-IntroToRXSwift.release.xcconfig */;
			buildSettings = {
				ASSETCATALOG_COMPILER_APPICON_NAME = AppIcon;
				ASSETCATALOG_COMPILER_GLOBAL_ACCENT_COLOR_NAME = AccentColor;
				CODE_SIGN_STYLE = Automatic;
				CURRENT_PROJECT_VERSION = 1;
				DEVELOPMENT_TEAM = 6QXJQS5XM3;
				GENERATE_INFOPLIST_FILE = YES;
				INFOPLIST_FILE = IntroToRXSwift/Info.plist;
				INFOPLIST_KEY_UIApplicationSupportsIndirectInputEvents = YES;
				INFOPLIST_KEY_UILaunchStoryboardName = LaunchScreen;
				INFOPLIST_KEY_UIMainStoryboardFile = Main;
				INFOPLIST_KEY_UISupportedInterfaceOrientations_iPad = "UIInterfaceOrientationPortrait UIInterfaceOrientationPortraitUpsideDown UIInterfaceOrientationLandscapeLeft UIInterfaceOrientationLandscapeRight";
				INFOPLIST_KEY_UISupportedInterfaceOrientations_iPhone = "UIInterfaceOrientationPortrait UIInterfaceOrientationLandscapeLeft UIInterfaceOrientationLandscapeRight";
				LD_RUNPATH_SEARCH_PATHS = (
					"$(inherited)",
					"@executable_path/Frameworks",
				);
				MARKETING_VERSION = 1.0;
				PRODUCT_BUNDLE_IDENTIFIER = nn.IntroToRXSwift;
				PRODUCT_NAME = "$(TARGET_NAME)";
				SWIFT_EMIT_LOC_STRINGS = YES;
				SWIFT_VERSION = 5.0;
				TARGETED_DEVICE_FAMILY = "1,2";
			};
			name = Release;
		};
/* End XCBuildConfiguration section */

/* Begin XCConfigurationList section */
		48C42AD82745D9F0008C5C85 /* Build configuration list for PBXProject "IntroToRXSwift" */ = {
			isa = XCConfigurationList;
			buildConfigurations = (
				48C42AEF2745D9F7008C5C85 /* Debug */,
				48C42AF02745D9F7008C5C85 /* Release */,
			);
			defaultConfigurationIsVisible = 0;
			defaultConfigurationName = Release;
		};
		48C42AF12745D9F7008C5C85 /* Build configuration list for PBXNativeTarget "IntroToRXSwift" */ = {
			isa = XCConfigurationList;
			buildConfigurations = (
				48C42AF22745D9F7008C5C85 /* Debug */,
				48C42AF32745D9F7008C5C85 /* Release */,
			);
			defaultConfigurationIsVisible = 0;
			defaultConfigurationName = Release;
		};
/* End XCConfigurationList section */
	};
	rootObject = 48C42AD52745D9F0008C5C85 /* Project object */;
}
